{
  "version": 4,
  "terraform_version": "1.15.0",
  "serial": 10,
  "lineage": "de649210-e48d-0245-aa00-5a0d24001830",
  "outputs": {},
  "resources": [
    {
      "mode": "managed",
      "type": "google_service_account",
      "name": "backend_sa",
      "provider": "provider[\"registry.terraform.io/hashicorp/google\"]",
      "instances": [
        {
          "schema_version": 0,
          "attributes": {
            "account_id": "echoforge-api-sa",
            "create_ignore_already_exists": null,
            "description": "Used by Cloud Run to generate pre-signed URLs and access Storage",
            "disabled": false,
            "display_name": "EchoForge API Identity",
            "email": "echoforge-api-sa@echoforge-494507.iam.gserviceaccount.com",
            "id": "projects/echoforge-494507/serviceAccounts/echoforge-api-sa@echoforge-494507.iam.gserviceaccount.com",
            "member": "serviceAccount:echoforge-api-sa@echoforge-494507.iam.gserviceaccount.com",
            "name": "projects/echoforge-494507/serviceAccounts/echoforge-api-sa@echoforge-494507.iam.gserviceaccount.com",
            "project": "echoforge-494507",
            "timeouts": null,
            "unique_id": "101685843927128768187"
          },
          "sensitive_attributes": [],
          "identity_schema_version": 0,
          "private": "eyJlMmJmYjczMC1lY2FhLTExZTYtOGY4OC0zNDM2M2JjN2M0YzAiOnsiY3JlYXRlIjozMDAwMDAwMDAwMDB9fQ=="
        }
      ]
    },
    {
      "mode": "managed",
      "type": "google_storage_bucket",
      "name": "samples",
      "provider": "provider[\"registry.terraform.io/hashicorp/google\"]",
      "instances": [
        {
          "schema_version": 2,
          "attributes": {
            "autoclass": [],
            "cors": [
              {
                "max_age_seconds": 3600,
                "method": [
                  "GET",
                  "PUT",
                  "POST",
                  "OPTIONS"
                ],
                "origin": [
                  "http://localhost:4200",
                  "https://yourdomain.com"
                ],
                "response_header": [
                  "*"
                ]
              }
            ],
            "custom_placement_config": [],
            "default_event_based_hold": false,
            "effective_labels": {
              "managed-by": "terraform",
              "project": "echoforge"
            },
            "enable_object_retention": false,
            "encryption": [],
            "force_destroy": true,
            "id": "echoforge-samples-bc8f4781",
            "labels": {},
            "lifecycle_rule": [],
            "location": "US",
            "logging": [],
            "name": "echoforge-samples-bc8f4781",
            "project": "echoforge-494507",
            "project_number": 936795286127,
            "public_access_prevention": "inherited",
            "requester_pays": false,
            "retention_policy": [],
            "rpo": "DEFAULT",
            "self_link": "https://www.googleapis.com/storage/v1/b/echoforge-samples-bc8f4781",
            "soft_delete_policy": [
              {
                "effective_time": "2026-04-30T17:44:24.779Z",
                "retention_duration_seconds": 604800
              }
            ],
            "storage_class": "STANDARD",
            "terraform_labels": {
              "managed-by": "terraform",
              "project": "echoforge"
            },
            "timeouts": null,
            "uniform_bucket_level_access": true,
            "url": "gs://echoforge-samples-bc8f4781",
            "versioning": [],
            "website": []
          },
          "sensitive_attributes": [],
          "identity_schema_version": 0,
          "private": "eyJlMmJmYjczMC1lY2FhLTExZTYtOGY4OC0zNDM2M2JjN2M0YzAiOnsiY3JlYXRlIjo2MDAwMDAwMDAwMDAsInJlYWQiOjI0MDAwMDAwMDAwMCwidXBkYXRlIjoyNDAwMDAwMDAwMDB9LCJzY2hlbWFfdmVyc2lvbiI6IjIifQ==",
          "dependencies": [
            "random_id.bucket_suffix"
          ]
        }
      ]
    },
    {
      "mode": "managed",
      "type": "google_storage_bucket_iam_member",
      "name": "storage_admin",
      "provider": "provider[\"registry.terraform.io/hashicorp/google\"]",
      "instances": [
        {
          "schema_version": 0,
          "attributes": {
            "bucket": "b/echoforge-samples-bc8f4781",
            "condition": [],
            "etag": "CAI=",
            "id": "b/echoforge-samples-bc8f4781/roles/storage.objectAdmin/serviceAccount:echoforge-api-sa@echoforge-494507.iam.gserviceaccount.com",
            "member": "serviceAccount:echoforge-api-sa@echoforge-494507.iam.gserviceaccount.com",
            "role": "roles/storage.objectAdmin"
          },
          "sensitive_attributes": [],
          "identity_schema_version": 0,
          "private": "bnVsbA==",
          "dependencies": [
            "google_service_account.backend_sa",
            "google_storage_bucket.samples",
            "random_id.bucket_suffix"
          ]
        }
      ]
    },
    {
      "mode": "managed",
      "type": "random_id",
      "name": "bucket_suffix",
      "provider": "provider[\"registry.terraform.io/hashicorp/random\"]",
      "instances": [
        {
          "schema_version": 0,
          "attributes": {
            "b64_std": "vI9HgQ==",
            "b64_url": "vI9HgQ",
            "byte_length": 4,
            "dec": "3163506561",
            "hex": "bc8f4781",
            "id": "vI9HgQ",
            "keepers": null,
            "prefix": null
          },
          "sensitive_attributes": [],
          "identity_schema_version": 0
        }
      ]
    },
    {
      "module": "module.gcp_api",
      "mode": "data",
      "type": "google_iam_policy",
      "name": "noauth",
      "provider": "provider[\"registry.terraform.io/hashicorp/google\"]",
      "instances": [
        {
          "schema_version": 0,
          "attributes": {
            "audit_config": null,
            "binding": [
              {
                "condition": [],
                "members": [
                  "allUsers"
                ],
                "role": "roles/run.invoker"
              }
            ],
            "id": "3450855414",
            "policy_data": "{\"bindings\":[{\"members\":[\"allUsers\"],\"role\":\"roles/run.invoker\"}]}"
          },
          "sensitive_attributes": [],
          "identity_schema_version": 0
        }
      ]
    },
    {
      "module": "module.gcp_api",
      "mode": "managed",
      "type": "google_cloud_run_v2_service",
      "name": "api",
      "provider": "provider[\"registry.terraform.io/hashicorp/google\"]",
      "instances": [
        {
          "status": "tainted",
          "schema_version": 0,
          "attributes": {
            "annotations": null,
            "binary_authorization": [],
            "client": null,
            "client_version": null,
            "conditions": null,
            "create_time": null,
            "creator": null,
            "custom_audiences": null,
            "delete_time": null,
            "description": null,
            "effective_annotations": null,
            "effective_labels": {
              "managed-by": "terraform",
              "project": "echoforge"
            },
            "etag": null,
            "expire_time": null,
            "generation": null,
            "id": "projects/echoforge-494507/locations/us-central1/services/echoforge-api",
            "ingress": "INGRESS_TRAFFIC_ALL",
            "labels": null,
            "last_modifier": null,
            "latest_created_revision": null,
            "latest_ready_revision": null,
            "launch_stage": null,
            "location": "us-central1",
            "name": "echoforge-api",
            "observed_generation": null,
            "project": "echoforge-494507",
            "reconciling": null,
            "template": [
              {
                "annotations": null,
                "containers": [
                  {
                    "args": null,
                    "command": null,
                    "depends_on": null,
                    "env": [
                      {
                        "name": "CLOUD_PROVIDER",
                        "value": "gcp",
                        "value_source": []
                      },
                      {
                        "name": "ECHOFORGE_SAMPLES_BUCKET",
                        "value": "echoforge-samples-bc8f4781",
                        "value_source": []
                      }
                    ],
                    "image": "us-central1-docker.pkg.dev/echoforge-494507/echoforge-repo/backend-api:latest",
                    "liveness_probe": [],
                    "name": "",
                    "ports": [
                      {
                        "container_port": 3000,
                        "name": ""
                      }
                    ],
                    "resources": [
                      {
                        "cpu_idle": false,
                        "limits": {
                          "cpu": "1",
                          "memory": "512Mi"
                        },
                        "startup_cpu_boost": false
                      }
                    ],
                    "startup_probe": [],
                    "volume_mounts": [],
                    "working_dir": ""
                  }
                ],
                "encryption_key": "",
                "execution_environment": "",
                "labels": null,
                "max_instance_request_concurrency": 0,
                "revision": "",
                "scaling": [],
                "service_account": "echoforge-api-sa@echoforge-494507.iam.gserviceaccount.com",
                "session_affinity": false,
                "timeout": "",
                "volumes": [],
                "vpc_access": []
              }
            ],
            "terminal_condition": null,
            "terraform_labels": {
              "managed-by": "terraform",
              "project": "echoforge"
            },
            "timeouts": null,
            "traffic": null,
            "traffic_statuses": null,
            "uid": null,
            "update_time": null,
            "uri": null
          },
          "sensitive_attributes": [],
          "identity_schema_version": 0,
          "private": "eyJlMmJmYjczMC1lY2FhLTExZTYtOGY4OC0zNDM2M2JjN2M0YzAiOnsiY3JlYXRlIjoxMjAwMDAwMDAwMDAwLCJkZWxldGUiOjEyMDAwMDAwMDAwMDAsInVwZGF0ZSI6MTIwMDAwMDAwMDAwMH19",
          "dependencies": [
            "google_service_account.backend_sa",
            "google_storage_bucket.samples",
            "random_id.bucket_suffix"
          ]
        }
      ]
    }
  ],
  "check_results": null
}
